{
  "name": "angular2-meteor-base",
  "requires": true,
  "lockfileVersion": 1,
  "dependencies": {
    "@angular/animations": {
      "version": "https://registry.npmjs.org/@angular/animations/-/animations-4.4.4.tgz",
      "integrity": "sha1-ovk1NgQ0er4V35gpIFiEL1Lwi8I=",
      "requires": {
        "tslib": "https://registry.npmjs.org/tslib/-/tslib-1.7.1.tgz"
      }
    },
    "@angular/cdk": {
      "version": "https://registry.npmjs.org/@angular/cdk/-/cdk-2.0.0-beta.12.tgz",
      "integrity": "sha1-OiQ8tiuT9OA5EgunD5ANyeI1Yi4=",
      "requires": {
        "tslib": "https://registry.npmjs.org/tslib/-/tslib-1.7.1.tgz"
      }
    },
    "@angular/common": {
      "version": "https://registry.npmjs.org/@angular/common/-/common-4.4.4.tgz",
      "integrity": "sha1-rgqBiqoMaj8JAee4C9lOHCLrk2U=",
      "requires": {
        "tslib": "https://registry.npmjs.org/tslib/-/tslib-1.7.1.tgz"
      }
    },
    "@angular/compiler": {
      "version": "https://registry.npmjs.org/@angular/compiler/-/compiler-4.4.4.tgz",
      "integrity": "sha1-Mm6wAp2aNUGqyhJN75rcUcNvK0E=",
      "requires": {
        "tslib": "https://registry.npmjs.org/tslib/-/tslib-1.7.1.tgz"
      }
    },
    "@angular/compiler-cli": {
      "version": "https://registry.npmjs.org/@angular/compiler-cli/-/compiler-cli-4.4.4.tgz",
      "integrity": "sha1-BjCApJfZF1OWglBQIixxfaGE9s8=",
      "requires": {
        "@angular/tsc-wrapped": "https://registry.npmjs.org/@angular/tsc-wrapped/-/tsc-wrapped-4.4.4.tgz",
        "minimist": "https://registry.npmjs.org/minimist/-/minimist-1.2.0.tgz",
        "reflect-metadata": "https://registry.npmjs.org/reflect-metadata/-/reflect-metadata-0.1.9.tgz"
      }
    },
    "@angular/core": {
      "version": "https://registry.npmjs.org/@angular/core/-/core-4.4.4.tgz",
      "integrity": "sha1-vTfs9UFY+XSJmWyThr0iL4CjL1w=",
      "requires": {
        "tslib": "https://registry.npmjs.org/tslib/-/tslib-1.7.1.tgz"
      }
    },
    "@angular/forms": {
      "version": "https://registry.npmjs.org/@angular/forms/-/forms-4.4.4.tgz",
      "integrity": "sha1-TbN5BQm2sQ8duKfBt/Uhh89kz9Q=",
      "requires": {
        "tslib": "https://registry.npmjs.org/tslib/-/tslib-1.7.1.tgz"
      }
    },
    "@angular/http": {
      "version": "https://registry.npmjs.org/@angular/http/-/http-4.4.4.tgz",
      "integrity": "sha1-Zn+vYWu2JBaOr65u6S5euiOp0fI=",
      "requires": {
        "tslib": "https://registry.npmjs.org/tslib/-/tslib-1.7.1.tgz"
      }
    },
    "@angular/material": {
      "version": "https://registry.npmjs.org/@angular/material/-/material-2.0.0-beta.12.tgz",
      "integrity": "sha1-cbbQt7AhiR5dDjaIwdS9eMdFf1g=",
      "requires": {
        "tslib": "https://registry.npmjs.org/tslib/-/tslib-1.7.1.tgz"
      }
    },
    "@angular/platform-browser": {
      "version": "https://registry.npmjs.org/@angular/platform-browser/-/platform-browser-4.4.4.tgz",
      "integrity": "sha1-o4mOLnup2E/6DUcUTGlxF5x1ruY=",
      "requires": {
        "tslib": "https://registry.npmjs.org/tslib/-/tslib-1.7.1.tgz"
      }
    },
    "@angular/platform-browser-dynamic": {
      "version": "https://registry.npmjs.org/@angular/platform-browser-dynamic/-/platform-browser-dynamic-4.4.4.tgz",
      "integrity": "sha1-w8nrhUpShVagcFQSeTLlJ/qTLhQ=",
      "requires": {
        "tslib": "https://registry.npmjs.org/tslib/-/tslib-1.7.1.tgz"
      }
    },
    "@angular/platform-server": {
      "version": "https://registry.npmjs.org/@angular/platform-server/-/platform-server-4.4.4.tgz",
      "integrity": "sha1-c+5B+hzshij8wDF0cnsnywAxsio=",
      "requires": {
        "parse5": "https://registry.npmjs.org/parse5/-/parse5-3.0.2.tgz",
        "tslib": "https://registry.npmjs.org/tslib/-/tslib-1.7.1.tgz",
        "xhr2": "https://registry.npmjs.org/xhr2/-/xhr2-0.1.4.tgz"
      }
    },
    "@angular/router": {
      "version": "https://registry.npmjs.org/@angular/router/-/router-4.4.4.tgz",
      "integrity": "sha1-e+ORCW6EPLPgT58F0dZaiN+bx88=",
      "requires": {
        "tslib": "https://registry.npmjs.org/tslib/-/tslib-1.7.1.tgz"
      }
    },
    "@angular/tsc-wrapped": {
      "version": "https://registry.npmjs.org/@angular/tsc-wrapped/-/tsc-wrapped-4.4.4.tgz",
      "integrity": "sha1-mEGCHlVha4JsoWAlD+heFfx0/8M=",
      "requires": {
        "tsickle": "https://registry.npmjs.org/tsickle/-/tsickle-0.21.6.tgz"
      }
    },
    "@types/chai": {
      "version": "https://registry.npmjs.org/@types/chai/-/chai-3.4.34.tgz",
      "integrity": "sha1-1TNXkoI7sJzd1eOMPSEbcJGDhU0=",
      "dev": true
    },
    "@types/connect": {
      "version": "https://registry.npmjs.org/@types/connect/-/connect-3.4.31.tgz",
      "integrity": "sha1-H5LWsRfswFB2xJ7NAk95duUoutk=",
      "dev": true,
      "requires": {
        "@types/node": "https://registry.npmjs.org/@types/node/-/node-6.0.89.tgz"
      }
    },
    "@types/geojson": {
      "version": "https://registry.npmjs.org/@types/geojson/-/geojson-1.0.5.tgz",
      "integrity": "sha1-758SJ3IzOZx/MghoGKVqhMiVL48="
    },
    "@types/highcharts": {
      "version": "https://registry.npmjs.org/@types/highcharts/-/highcharts-4.2.57.tgz",
      "integrity": "sha1-91aQf8F1bDFIpiJu+r01IKiSnbk=",
      "requires": {
        "@types/geojson": "https://registry.npmjs.org/@types/geojson/-/geojson-1.0.5.tgz"
      }
    },
    "@types/jquery": {
      "version": "3.2.15",
      "resolved": "https://registry.npmjs.org/@types/jquery/-/jquery-3.2.15.tgz",
      "integrity": "sha512-SmiwGv/ISoltkDMngZ8sb9ijj6mYx3084XkHul/U4r03N2C14j6F+Lx+RfZ/f5zGOVOKEUIrRLVCNFKEaVDABQ==",
      "dev": true
    },
    "@types/meteor": {
      "version": "https://registry.npmjs.org/@types/meteor/-/meteor-1.4.8.tgz",
      "integrity": "sha1-3CXpwnucF/jjj1MEYy8yjcKvqN0=",
      "dev": true,
      "requires": {
        "@types/connect": "https://registry.npmjs.org/@types/connect/-/connect-3.4.31.tgz"
      }
    },
    "@types/mocha": {
      "version": "https://registry.npmjs.org/@types/mocha/-/mocha-2.2.34.tgz",
      "integrity": "sha1-OY6KJl8dseX4xuUgBkp0y++Ey9w=",
      "dev": true
    },
    "@types/node": {
      "version": "https://registry.npmjs.org/@types/node/-/node-6.0.89.tgz",
      "integrity": "sha1-FUvg5qgjdgzWCDqoxI+VLi5j4LA="
    },
    "angular2-highcharts": {
      "version": "https://registry.npmjs.org/angular2-highcharts/-/angular2-highcharts-0.5.5.tgz",
      "integrity": "sha1-9KGeqW1jUkQg/VxlE2rAJ7BSZv0=",
      "requires": {
        "@types/highcharts": "https://registry.npmjs.org/@types/highcharts/-/highcharts-4.2.57.tgz",
        "highcharts": "https://registry.npmjs.org/highcharts/-/highcharts-5.0.14.tgz"
      }
    },
    "angular2-meteor": {
      "version": "https://registry.npmjs.org/angular2-meteor/-/angular2-meteor-0.7.1.tgz",
      "integrity": "sha1-mZEbp92mtVDbVhoLRk/EEPFCixw=",
      "requires": {
        "underscore": "https://registry.npmjs.org/underscore/-/underscore-1.8.3.tgz"
      }
    },
    "angular2-meteor-polyfills": {
      "version": "https://registry.npmjs.org/angular2-meteor-polyfills/-/angular2-meteor-polyfills-0.1.1.tgz",
      "integrity": "sha1-XZXK4irx9NPn5O9owmAdp/yXPSY="
    },
    "angular2-meteor-tests-polyfills": {
      "version": "https://registry.npmjs.org/angular2-meteor-tests-polyfills/-/angular2-meteor-tests-polyfills-0.0.2.tgz",
      "integrity": "sha1-/1Cl9sUF3uyxOVP6eii0iWZo2io="
    },
    "assertion-error": {
      "version": "https://registry.npmjs.org/assertion-error/-/assertion-error-1.0.2.tgz",
      "integrity": "sha1-E8pRXYYgbaC6xm6DTdOX2HWBCUw=",
      "dev": true
    },
    "babel-runtime": {
      "version": "https://registry.npmjs.org/babel-runtime/-/babel-runtime-6.26.0.tgz",
      "integrity": "sha1-llxwWGaOgrVde/4E/yM3vItWR/4=",
      "requires": {
        "core-js": "https://registry.npmjs.org/core-js/-/core-js-2.5.1.tgz",
        "regenerator-runtime": "https://registry.npmjs.org/regenerator-runtime/-/regenerator-runtime-0.11.0.tgz"
      }
    },
    "chai": {
      "version": "https://registry.npmjs.org/chai/-/chai-3.5.0.tgz",
      "integrity": "sha1-TQJjewZ/6Vi9v906QOxW/vc3Mkc=",
      "dev": true,
      "requires": {
        "assertion-error": "https://registry.npmjs.org/assertion-error/-/assertion-error-1.0.2.tgz",
        "deep-eql": "https://registry.npmjs.org/deep-eql/-/deep-eql-0.1.3.tgz",
        "type-detect": "https://registry.npmjs.org/type-detect/-/type-detect-1.0.0.tgz"
      }
    },
    "chai-spies": {
      "version": "https://registry.npmjs.org/chai-spies/-/chai-spies-0.7.1.tgz",
      "integrity": "sha1-ND2Z9RJEIS6LF+ZLk5lv97LCqbE=",
      "dev": true
    },
    "core-js": {
      "version": "https://registry.npmjs.org/core-js/-/core-js-2.5.1.tgz",
      "integrity": "sha1-rmh03GaTd4m4B1T/VCjfZoGcpQs="
    },
    "deep-eql": {
      "version": "https://registry.npmjs.org/deep-eql/-/deep-eql-0.1.3.tgz",
      "integrity": "sha1-71WKyrjeJSBs1xOQbXTlaTDrafI=",
      "dev": true,
      "requires": {
        "type-detect": "https://registry.npmjs.org/type-detect/-/type-detect-0.1.1.tgz"
      },
      "dependencies": {
        "type-detect": {
          "version": "https://registry.npmjs.org/type-detect/-/type-detect-0.1.1.tgz",
          "integrity": "sha1-C6XsKohWQORw6k6FBZcZANrFiCI=",
          "dev": true
        }
      }
    },
    "hammerjs": {
      "version": "https://registry.npmjs.org/hammerjs/-/hammerjs-2.0.8.tgz",
      "integrity": "sha1-BO93hiz/K7edMPdpIJWTAiK/YPE="
    },
    "highcharts": {
      "version": "https://registry.npmjs.org/highcharts/-/highcharts-5.0.14.tgz",
      "integrity": "sha1-DvFMyp8TRUCFaLUz2uFHiVDZaBA="
    },
    "jquery": {
      "version": "3.2.1",
      "resolved": "https://registry.npmjs.org/jquery/-/jquery-3.2.1.tgz",
      "integrity": "sha1-XE2d5lKvbNCncBVKYxu6ErAVx4c="
    },
    "meteor-node-stubs": {
      "version": "https://registry.npmjs.org/meteor-node-stubs/-/meteor-node-stubs-0.2.4.tgz",
      "integrity": "sha1-WyZEkT2GbrXkmeg5LKsg2990cbA=",
      "dev": true,
      "requires": {
        "assert": "https://registry.npmjs.org/assert/-/assert-1.4.1.tgz",
        "browserify-zlib": "https://registry.npmjs.org/browserify-zlib/-/browserify-zlib-0.1.4.tgz",
        "buffer": "https://registry.npmjs.org/buffer/-/buffer-4.9.1.tgz",
        "console-browserify": "https://registry.npmjs.org/console-browserify/-/console-browserify-1.1.0.tgz",
        "constants-browserify": "https://registry.npmjs.org/constants-browserify/-/constants-browserify-1.0.0.tgz",
        "crypto-browserify": "https://registry.npmjs.org/crypto-browserify/-/crypto-browserify-3.11.0.tgz",
        "domain-browser": "https://registry.npmjs.org/domain-browser/-/domain-browser-1.1.7.tgz",
        "events": "https://registry.npmjs.org/events/-/events-1.1.1.tgz",
        "http-browserify": "https://registry.npmjs.org/http-browserify/-/http-browserify-1.7.0.tgz",
        "https-browserify": "https://registry.npmjs.org/https-browserify/-/https-browserify-0.0.1.tgz",
        "os-browserify": "https://registry.npmjs.org/os-browserify/-/os-browserify-0.2.1.tgz",
        "path-browserify": "https://registry.npmjs.org/path-browserify/-/path-browserify-0.0.0.tgz",
        "process": "https://registry.npmjs.org/process/-/process-0.11.9.tgz",
        "punycode": "https://registry.npmjs.org/punycode/-/punycode-1.4.1.tgz",
        "querystring-es3": "https://registry.npmjs.org/querystring-es3/-/querystring-es3-0.2.1.tgz",
        "readable-stream": "https://registry.npmjs.org/readable-stream/-/readable-stream-2.2.1.tgz",
        "stream-browserify": "https://registry.npmjs.org/stream-browserify/-/stream-browserify-2.0.1.tgz",
        "string_decoder": "https://registry.npmjs.org/string_decoder/-/string_decoder-0.10.31.tgz",
        "timers-browserify": "https://registry.npmjs.org/timers-browserify/-/timers-browserify-1.4.2.tgz",
        "tty-browserify": "https://registry.npmjs.org/tty-browserify/-/tty-browserify-0.0.0.tgz",
        "url": "https://registry.npmjs.org/url/-/url-0.11.0.tgz",
        "util": "https://registry.npmjs.org/util/-/util-0.10.3.tgz",
        "vm-browserify": "https://registry.npmjs.org/vm-browserify/-/vm-browserify-0.0.4.tgz"
      },
      "dependencies": {
        "Base64": {
          "version": "https://registry.npmjs.org/Base64/-/Base64-0.2.1.tgz",
          "integrity": "sha1-ujpCMHCOGGcFBl5mur3Uw1z2ACg=",
          "dev": true
        },
        "asn1.js": {
          "version": "https://registry.npmjs.org/asn1.js/-/asn1.js-4.9.0.tgz",
          "integrity": "sha1-9xoSQ/PnnUbXsH1/v0gk7nOvBUo=",
          "dev": true,
          "requires": {
            "bn.js": "https://registry.npmjs.org/bn.js/-/bn.js-4.11.6.tgz",
            "inherits": "https://registry.npmjs.org/inherits/-/inherits-2.0.1.tgz",
            "minimalistic-assert": "https://registry.npmjs.org/minimalistic-assert/-/minimalistic-assert-1.0.0.tgz"
          }
        },
        "assert": {
          "version": "https://registry.npmjs.org/assert/-/assert-1.4.1.tgz",
          "integrity": "sha1-mZEtWRg2tab1s0XA8H7vwI/GXZE=",
          "dev": true,
          "requires": {
            "util": "https://registry.npmjs.org/util/-/util-0.10.3.tgz"
          }
        },
        "base64-js": {
          "version": "https://registry.npmjs.org/base64-js/-/base64-js-1.2.0.tgz",
          "integrity": "sha1-o5mS1yNYSBGYK+XikLtqU9hnAPE=",
          "dev": true
        },
        "bn.js": {
          "version": "https://registry.npmjs.org/bn.js/-/bn.js-4.11.6.tgz",
          "integrity": "sha1-UzRK2xRhehP26N0s4okF0cC6MhU=",
          "dev": true
        },
        "brorand": {
          "version": "https://registry.npmjs.org/brorand/-/brorand-1.0.6.tgz",
          "integrity": "sha1-QChwa5FfkfezSaLgvzw3YDnSFuU=",
          "dev": true
        },
        "browserify-aes": {
          "version": "https://registry.npmjs.org/browserify-aes/-/browserify-aes-1.0.6.tgz",
          "integrity": "sha1-Xncl297x/Vkw1OurSFZ85FHEigo=",
          "dev": true,
          "requires": {
            "buffer-xor": "https://registry.npmjs.org/buffer-xor/-/buffer-xor-1.0.3.tgz",
            "cipher-base": "https://registry.npmjs.org/cipher-base/-/cipher-base-1.0.3.tgz",
            "create-hash": "https://registry.npmjs.org/create-hash/-/create-hash-1.1.2.tgz",
            "evp_bytestokey": "https://registry.npmjs.org/evp_bytestokey/-/evp_bytestokey-1.0.0.tgz",
            "inherits": "https://registry.npmjs.org/inherits/-/inherits-2.0.1.tgz"
          }
        },
        "browserify-cipher": {
          "version": "https://registry.npmjs.org/browserify-cipher/-/browserify-cipher-1.0.0.tgz",
          "integrity": "sha1-mYgkSHS/XtTijalWZtzWasj8Njo=",
          "dev": true,
          "requires": {
            "browserify-aes": "https://registry.npmjs.org/browserify-aes/-/browserify-aes-1.0.6.tgz",
            "browserify-des": "https://registry.npmjs.org/browserify-des/-/browserify-des-1.0.0.tgz",
            "evp_bytestokey": "https://registry.npmjs.org/evp_bytestokey/-/evp_bytestokey-1.0.0.tgz"
          }
        },
        "browserify-des": {
          "version": "https://registry.npmjs.org/browserify-des/-/browserify-des-1.0.0.tgz",
          "integrity": "sha1-2qJ3cXRwki7S/hhZQRihdUOXId0=",
          "dev": true,
          "requires": {
            "cipher-base": "https://registry.npmjs.org/cipher-base/-/cipher-base-1.0.3.tgz",
            "des.js": "https://registry.npmjs.org/des.js/-/des.js-1.0.0.tgz",
            "inherits": "https://registry.npmjs.org/inherits/-/inherits-2.0.1.tgz"
          }
        },
        "browserify-rsa": {
          "version": "https://registry.npmjs.org/browserify-rsa/-/browserify-rsa-4.0.1.tgz",
          "integrity": "sha1-IeCr+vbyApzy+vsTNWenAdQTVSQ=",
          "dev": true,
          "requires": {
            "bn.js": "https://registry.npmjs.org/bn.js/-/bn.js-4.11.6.tgz",
            "randombytes": "https://registry.npmjs.org/randombytes/-/randombytes-2.0.3.tgz"
          }
        },
        "browserify-sign": {
          "version": "https://registry.npmjs.org/browserify-sign/-/browserify-sign-4.0.0.tgz",
          "integrity": "sha1-EHc5EMPCBtVCCkaq2GlPgguFlo8=",
          "dev": true,
          "requires": {
            "bn.js": "https://registry.npmjs.org/bn.js/-/bn.js-4.11.6.tgz",
            "browserify-rsa": "https://registry.npmjs.org/browserify-rsa/-/browserify-rsa-4.0.1.tgz",
            "create-hash": "https://registry.npmjs.org/create-hash/-/create-hash-1.1.2.tgz",
            "create-hmac": "https://registry.npmjs.org/create-hmac/-/create-hmac-1.1.4.tgz",
            "elliptic": "https://registry.npmjs.org/elliptic/-/elliptic-6.3.2.tgz",
            "inherits": "https://registry.npmjs.org/inherits/-/inherits-2.0.1.tgz",
            "parse-asn1": "https://registry.npmjs.org/parse-asn1/-/parse-asn1-5.0.0.tgz"
          }
        },
        "browserify-zlib": {
          "version": "https://registry.npmjs.org/browserify-zlib/-/browserify-zlib-0.1.4.tgz",
          "integrity": "sha1-uzX4pRn2AOD6a4SFJByXnQFB+y0=",
          "dev": true,
          "requires": {
            "pako": "https://registry.npmjs.org/pako/-/pako-0.2.9.tgz"
          }
        },
        "buffer": {
          "version": "https://registry.npmjs.org/buffer/-/buffer-4.9.1.tgz",
          "integrity": "sha1-bRu2AbB6TvztlwlBMgkwJ8lbwpg=",
          "dev": true,
          "requires": {
            "base64-js": "https://registry.npmjs.org/base64-js/-/base64-js-1.2.0.tgz",
            "ieee754": "https://registry.npmjs.org/ieee754/-/ieee754-1.1.8.tgz",
            "isarray": "https://registry.npmjs.org/isarray/-/isarray-1.0.0.tgz"
          }
        },
        "buffer-shims": {
          "version": "https://registry.npmjs.org/buffer-shims/-/buffer-shims-1.0.0.tgz",
          "integrity": "sha1-mXjOMXOIxkmth5MCjDR37wRKi1E=",
          "dev": true
        },
        "buffer-xor": {
          "version": "https://registry.npmjs.org/buffer-xor/-/buffer-xor-1.0.3.tgz",
          "integrity": "sha1-JuYe0UIvtw3ULm42cp7VHYVf6Nk=",
          "dev": true
        },
        "cipher-base": {
          "version": "https://registry.npmjs.org/cipher-base/-/cipher-base-1.0.3.tgz",
          "integrity": "sha1-7qvxlEGc6QDaMBjCB9IS8qbfCgc=",
          "dev": true,
          "requires": {
            "inherits": "https://registry.npmjs.org/inherits/-/inherits-2.0.1.tgz"
          }
        },
        "console-browserify": {
          "version": "https://registry.npmjs.org/console-browserify/-/console-browserify-1.1.0.tgz",
          "integrity": "sha1-8CQcRXMKn8YyOyBtvzjtx0HQuxA=",
          "dev": true,
          "requires": {
            "date-now": "https://registry.npmjs.org/date-now/-/date-now-0.1.4.tgz"
          }
        },
        "constants-browserify": {
          "version": "https://registry.npmjs.org/constants-browserify/-/constants-browserify-1.0.0.tgz",
          "integrity": "sha1-wguW2MYXdIqvHBYCF2DNJ/y4y3U=",
          "dev": true
        },
        "core-util-is": {
          "version": "https://registry.npmjs.org/core-util-is/-/core-util-is-1.0.2.tgz",
          "integrity": "sha1-tf1UIgqivFq1eqtxQMlAdUUDwac=",
          "dev": true
        },
        "create-ecdh": {
          "version": "https://registry.npmjs.org/create-ecdh/-/create-ecdh-4.0.0.tgz",
          "integrity": "sha1-iIxyNZbN92EvZJgjPuvXo1MBc30=",
          "dev": true,
          "requires": {
            "bn.js": "https://registry.npmjs.org/bn.js/-/bn.js-4.11.6.tgz",
            "elliptic": "https://registry.npmjs.org/elliptic/-/elliptic-6.3.2.tgz"
          }
        },
        "create-hash": {
          "version": "https://registry.npmjs.org/create-hash/-/create-hash-1.1.2.tgz",
          "integrity": "sha1-USEAYte7dHn2xlu0GpIgix1hq60=",
          "dev": true,
          "requires": {
            "cipher-base": "https://registry.npmjs.org/cipher-base/-/cipher-base-1.0.3.tgz",
            "inherits": "https://registry.npmjs.org/inherits/-/inherits-2.0.1.tgz",
            "ripemd160": "https://registry.npmjs.org/ripemd160/-/ripemd160-1.0.1.tgz",
            "sha.js": "https://registry.npmjs.org/sha.js/-/sha.js-2.4.8.tgz"
          }
        },
        "create-hmac": {
          "version": "https://registry.npmjs.org/create-hmac/-/create-hmac-1.1.4.tgz",
          "integrity": "sha1-0/tLolPriz9W456i+8uK90e9MXA=",
          "dev": true,
          "requires": {
            "create-hash": "https://registry.npmjs.org/create-hash/-/create-hash-1.1.2.tgz",
            "inherits": "https://registry.npmjs.org/inherits/-/inherits-2.0.1.tgz"
          }
        },
        "crypto-browserify": {
          "version": "https://registry.npmjs.org/crypto-browserify/-/crypto-browserify-3.11.0.tgz",
          "integrity": "sha1-NlKgkGq5sqfgw85mpAjpV6JIVSI=",
          "dev": true,
          "requires": {
            "browserify-cipher": "https://registry.npmjs.org/browserify-cipher/-/browserify-cipher-1.0.0.tgz",
            "browserify-sign": "https://registry.npmjs.org/browserify-sign/-/browserify-sign-4.0.0.tgz",
            "create-ecdh": "https://registry.npmjs.org/create-ecdh/-/create-ecdh-4.0.0.tgz",
            "create-hash": "https://registry.npmjs.org/create-hash/-/create-hash-1.1.2.tgz",
            "create-hmac": "https://registry.npmjs.org/create-hmac/-/create-hmac-1.1.4.tgz",
            "diffie-hellman": "https://registry.npmjs.org/diffie-hellman/-/diffie-hellman-5.0.2.tgz",
            "inherits": "https://registry.npmjs.org/inherits/-/inherits-2.0.1.tgz",
            "pbkdf2": "https://registry.npmjs.org/pbkdf2/-/pbkdf2-3.0.9.tgz",
            "public-encrypt": "https://registry.npmjs.org/public-encrypt/-/public-encrypt-4.0.0.tgz",
            "randombytes": "https://registry.npmjs.org/randombytes/-/randombytes-2.0.3.tgz"
          }
        },
        "date-now": {
          "version": "https://registry.npmjs.org/date-now/-/date-now-0.1.4.tgz",
          "integrity": "sha1-6vQ5/U1ISK105cx9vvIAZyueNFs=",
          "dev": true
        },
        "des.js": {
          "version": "https://registry.npmjs.org/des.js/-/des.js-1.0.0.tgz",
          "integrity": "sha1-wHTS4qpqipoH29YfmhXCzYPsjsw=",
          "dev": true,
          "requires": {
            "inherits": "https://registry.npmjs.org/inherits/-/inherits-2.0.1.tgz",
            "minimalistic-assert": "https://registry.npmjs.org/minimalistic-assert/-/minimalistic-assert-1.0.0.tgz"
          }
        },
        "diffie-hellman": {
          "version": "https://registry.npmjs.org/diffie-hellman/-/diffie-hellman-5.0.2.tgz",
          "integrity": "sha1-tYNXOScM/ias9jIJn97SoH8gnl4=",
          "dev": true,
          "requires": {
            "bn.js": "https://registry.npmjs.org/bn.js/-/bn.js-4.11.6.tgz",
            "miller-rabin": "https://registry.npmjs.org/miller-rabin/-/miller-rabin-4.0.0.tgz",
            "randombytes": "https://registry.npmjs.org/randombytes/-/randombytes-2.0.3.tgz"
          }
        },
        "domain-browser": {
          "version": "https://registry.npmjs.org/domain-browser/-/domain-browser-1.1.7.tgz",
          "integrity": "sha1-hnqksJP6oF8d4IwG9NeyH9+GmLw=",
          "dev": true
        },
        "elliptic": {
          "version": "https://registry.npmjs.org/elliptic/-/elliptic-6.3.2.tgz",
          "integrity": "sha1-5MgeCCnPCmWrcOmYuCMnI7XBvEg=",
          "dev": true,
          "requires": {
            "bn.js": "https://registry.npmjs.org/bn.js/-/bn.js-4.11.6.tgz",
            "brorand": "https://registry.npmjs.org/brorand/-/brorand-1.0.6.tgz",
            "hash.js": "https://registry.npmjs.org/hash.js/-/hash.js-1.0.3.tgz",
            "inherits": "https://registry.npmjs.org/inherits/-/inherits-2.0.1.tgz"
          }
        },
        "events": {
          "version": "https://registry.npmjs.org/events/-/events-1.1.1.tgz",
          "integrity": "sha1-nr23Y1rQmccNzEwqH1AEKI6L2SQ=",
          "dev": true
        },
        "evp_bytestokey": {
          "version": "https://registry.npmjs.org/evp_bytestokey/-/evp_bytestokey-1.0.0.tgz",
          "integrity": "sha1-SXtmrZ/vZc18CKYYCCS6FHa2blM=",
          "dev": true,
          "requires": {
            "create-hash": "https://registry.npmjs.org/create-hash/-/create-hash-1.1.2.tgz"
          }
        },
        "hash.js": {
          "version": "https://registry.npmjs.org/hash.js/-/hash.js-1.0.3.tgz",
          "integrity": "sha1-EzL/ABVsCg/92CNgE9B7d6BFFXM=",
          "dev": true,
          "requires": {
            "inherits": "https://registry.npmjs.org/inherits/-/inherits-2.0.1.tgz"
          }
        },
        "http-browserify": {
          "version": "https://registry.npmjs.org/http-browserify/-/http-browserify-1.7.0.tgz",
          "integrity": "sha1-M3la3nLfiKz7/TZ3PO/tp2RzWyA=",
          "dev": true,
          "requires": {
            "Base64": "https://registry.npmjs.org/Base64/-/Base64-0.2.1.tgz",
            "inherits": "https://registry.npmjs.org/inherits/-/inherits-2.0.1.tgz"
          }
        },
        "https-browserify": {
          "version": "https://registry.npmjs.org/https-browserify/-/https-browserify-0.0.1.tgz",
          "integrity": "sha1-P5E2XKvmC3ftDruiS0VOPgnZWoI=",
          "dev": true
        },
        "ieee754": {
          "version": "https://registry.npmjs.org/ieee754/-/ieee754-1.1.8.tgz",
          "integrity": "sha1-vjPUCsEO8ZJnAfbwii2G+/0a0+Q=",
          "dev": true
        },
        "indexof": {
          "version": "https://registry.npmjs.org/indexof/-/indexof-0.0.1.tgz",
          "integrity": "sha1-gtwzbSMrkGIXnQWrMpOmYFn9Q10=",
          "dev": true
        },
        "inherits": {
          "version": "https://registry.npmjs.org/inherits/-/inherits-2.0.1.tgz",
          "integrity": "sha1-sX0I0ya0Qj5Wjv9xn5GwscvfafE=",
          "dev": true
        },
        "isarray": {
          "version": "https://registry.npmjs.org/isarray/-/isarray-1.0.0.tgz",
          "integrity": "sha1-u5NdSFgsuhaMBoNJV6VKPgcSTxE=",
          "dev": true
        },
        "miller-rabin": {
          "version": "https://registry.npmjs.org/miller-rabin/-/miller-rabin-4.0.0.tgz",
          "integrity": "sha1-SmL7HUKTPAVYOYL0xxb2+55sbT0=",
          "dev": true,
          "requires": {
            "bn.js": "https://registry.npmjs.org/bn.js/-/bn.js-4.11.6.tgz",
            "brorand": "https://registry.npmjs.org/brorand/-/brorand-1.0.6.tgz"
          }
        },
        "minimalistic-assert": {
          "version": "https://registry.npmjs.org/minimalistic-assert/-/minimalistic-assert-1.0.0.tgz",
          "integrity": "sha1-cCvi3aazf0g2vLP121ZkG2Sh09M=",
          "dev": true
        },
        "os-browserify": {
          "version": "https://registry.npmjs.org/os-browserify/-/os-browserify-0.2.1.tgz",
          "integrity": "sha1-Y/xMzuXS13Y9Jrv4YBB45sLgBE8=",
          "dev": true
        },
        "pako": {
          "version": "https://registry.npmjs.org/pako/-/pako-0.2.9.tgz",
          "integrity": "sha1-8/dSL073gjSNqBYbrZ7P1Rv4OnU=",
          "dev": true
        },
        "parse-asn1": {
          "version": "https://registry.npmjs.org/parse-asn1/-/parse-asn1-5.0.0.tgz",
          "integrity": "sha1-NQYPbVAV03Yox3D04JGgtaJ4vCM=",
          "dev": true,
          "requires": {
            "asn1.js": "https://registry.npmjs.org/asn1.js/-/asn1.js-4.9.0.tgz",
            "browserify-aes": "https://registry.npmjs.org/browserify-aes/-/browserify-aes-1.0.6.tgz",
            "create-hash": "https://registry.npmjs.org/create-hash/-/create-hash-1.1.2.tgz",
            "evp_bytestokey": "https://registry.npmjs.org/evp_bytestokey/-/evp_bytestokey-1.0.0.tgz",
            "pbkdf2": "https://registry.npmjs.org/pbkdf2/-/pbkdf2-3.0.9.tgz"
          }
        },
        "path-browserify": {
          "version": "https://registry.npmjs.org/path-browserify/-/path-browserify-0.0.0.tgz",
          "integrity": "sha1-oLhwcpquIUAFt9UDLsLLuw+0RRo=",
          "dev": true
        },
        "pbkdf2": {
          "version": "https://registry.npmjs.org/pbkdf2/-/pbkdf2-3.0.9.tgz",
          "integrity": "sha1-8sSyWmAAWLPDdzwIbDfbvuH/5pM=",
          "dev": true,
          "requires": {
            "create-hmac": "https://registry.npmjs.org/create-hmac/-/create-hmac-1.1.4.tgz"
          }
        },
        "process": {
          "version": "https://registry.npmjs.org/process/-/process-0.11.9.tgz",
          "integrity": "sha1-e9WtIapiU+fahoImTx4R0RwDGME=",
          "dev": true
        },
        "process-nextick-args": {
          "version": "https://registry.npmjs.org/process-nextick-args/-/process-nextick-args-1.0.7.tgz",
          "integrity": "sha1-FQ4gt1ZZCtP5EJPyWk8q2L/zC6M=",
          "dev": true
        },
        "public-encrypt": {
          "version": "https://registry.npmjs.org/public-encrypt/-/public-encrypt-4.0.0.tgz",
          "integrity": "sha1-OfaZ86RlYN1eusvKaTyvfGXBjMY=",
          "dev": true,
          "requires": {
            "bn.js": "https://registry.npmjs.org/bn.js/-/bn.js-4.11.6.tgz",
            "browserify-rsa": "https://registry.npmjs.org/browserify-rsa/-/browserify-rsa-4.0.1.tgz",
            "create-hash": "https://registry.npmjs.org/create-hash/-/create-hash-1.1.2.tgz",
            "parse-asn1": "https://registry.npmjs.org/parse-asn1/-/parse-asn1-5.0.0.tgz",
            "randombytes": "https://registry.npmjs.org/randombytes/-/randombytes-2.0.3.tgz"
          }
        },
        "punycode": {
          "version": "https://registry.npmjs.org/punycode/-/punycode-1.4.1.tgz",
          "integrity": "sha1-wNWmOycYgArY4esPpSachN1BhF4=",
          "dev": true
        },
        "querystring": {
          "version": "https://registry.npmjs.org/querystring/-/querystring-0.2.0.tgz",
          "integrity": "sha1-sgmEkgO7Jd+CDadW50cAWHhSFiA=",
          "dev": true
        },
        "querystring-es3": {
          "version": "https://registry.npmjs.org/querystring-es3/-/querystring-es3-0.2.1.tgz",
          "integrity": "sha1-nsYfeQSYdXB9aUFFlv2Qek1xHnM=",
          "dev": true
        },
        "randombytes": {
          "version": "https://registry.npmjs.org/randombytes/-/randombytes-2.0.3.tgz",
          "integrity": "sha1-Z0yZdgkBw8QRJ3GjHlIdw0nMCew=",
          "dev": true
        },
        "readable-stream": {
          "version": "https://registry.npmjs.org/readable-stream/-/readable-stream-2.2.1.tgz",
          "integrity": "sha1-xFmmaHrWGV+Ta5WYcHdu3vJ6dlU=",
          "dev": true,
          "requires": {
            "buffer-shims": "https://registry.npmjs.org/buffer-shims/-/buffer-shims-1.0.0.tgz",
            "core-util-is": "https://registry.npmjs.org/core-util-is/-/core-util-is-1.0.2.tgz",
            "inherits": "https://registry.npmjs.org/inherits/-/inherits-2.0.1.tgz",
            "isarray": "https://registry.npmjs.org/isarray/-/isarray-1.0.0.tgz",
            "process-nextick-args": "https://registry.npmjs.org/process-nextick-args/-/process-nextick-args-1.0.7.tgz",
            "string_decoder": "https://registry.npmjs.org/string_decoder/-/string_decoder-0.10.31.tgz",
            "util-deprecate": "https://registry.npmjs.org/util-deprecate/-/util-deprecate-1.0.2.tgz"
          }
        },
        "ripemd160": {
          "version": "https://registry.npmjs.org/ripemd160/-/ripemd160-1.0.1.tgz",
          "integrity": "sha1-k6S71JQrxXS2mo+lfHHeEOzKfW4=",
          "dev": true
        },
        "sha.js": {
          "version": "https://registry.npmjs.org/sha.js/-/sha.js-2.4.8.tgz",
          "integrity": "sha1-NwaMLEdra69ALRSknGf1l5IfY08=",
          "dev": true,
          "requires": {
            "inherits": "https://registry.npmjs.org/inherits/-/inherits-2.0.1.tgz"
          }
        },
        "stream-browserify": {
          "version": "https://registry.npmjs.org/stream-browserify/-/stream-browserify-2.0.1.tgz",
          "integrity": "sha1-ZiZu5fm9uZQKTkUUyvtDu3Hlyds=",
          "dev": true,
          "requires": {
            "inherits": "https://registry.npmjs.org/inherits/-/inherits-2.0.1.tgz",
            "readable-stream": "https://registry.npmjs.org/readable-stream/-/readable-stream-2.2.1.tgz"
          }
        },
        "string_decoder": {
          "version": "https://registry.npmjs.org/string_decoder/-/string_decoder-0.10.31.tgz",
          "integrity": "sha1-YuIDvEF2bGwoyfyEMB2rHFMQ+pQ=",
          "dev": true
        },
        "timers-browserify": {
          "version": "https://registry.npmjs.org/timers-browserify/-/timers-browserify-1.4.2.tgz",
          "integrity": "sha1-ycWLV1voQHN1y14kYtrO50NZ9B0=",
          "dev": true,
          "requires": {
            "process": "https://registry.npmjs.org/process/-/process-0.11.9.tgz"
          }
        },
        "tty-browserify": {
          "version": "https://registry.npmjs.org/tty-browserify/-/tty-browserify-0.0.0.tgz",
          "integrity": "sha1-oVe6QC2iTpv5V/mqadUk7tQpAaY=",
          "dev": true
        },
        "url": {
          "version": "https://registry.npmjs.org/url/-/url-0.11.0.tgz",
          "integrity": "sha1-ODjpfPxgUh63PFJajlW/3Z4uKPE=",
          "dev": true,
          "requires": {
            "punycode": "https://registry.npmjs.org/punycode/-/punycode-1.3.2.tgz",
            "querystring": "https://registry.npmjs.org/querystring/-/querystring-0.2.0.tgz"
          },
          "dependencies": {
            "punycode": {
              "version": "https://registry.npmjs.org/punycode/-/punycode-1.3.2.tgz",
              "integrity": "sha1-llOgNvt8HuQjQvIyXM7v6jkmxI0=",
              "dev": true
            }
          }
        },
        "util": {
          "version": "https://registry.npmjs.org/util/-/util-0.10.3.tgz",
          "integrity": "sha1-evsa/lCAUkZInj23/g7TeTNqwPk=",
          "dev": true,
          "requires": {
            "inherits": "https://registry.npmjs.org/inherits/-/inherits-2.0.1.tgz"
          }
        },
        "util-deprecate": {
          "version": "https://registry.npmjs.org/util-deprecate/-/util-deprecate-1.0.2.tgz",
          "integrity": "sha1-RQ1Nyfpw3nMnYvvS1KKJgUGaDM8=",
          "dev": true
        },
        "vm-browserify": {
          "version": "https://registry.npmjs.org/vm-browserify/-/vm-browserify-0.0.4.tgz",
          "integrity": "sha1-XX6kW7755Kb/ZflUOOCofDV9WnM=",
          "dev": true,
          "requires": {
            "indexof": "https://registry.npmjs.org/indexof/-/indexof-0.0.1.tgz"
          }
        }
      }
    },
    "meteor-rxjs": {
      "version": "https://registry.npmjs.org/meteor-rxjs/-/meteor-rxjs-0.4.7.tgz",
      "integrity": "sha1-XCBuwP44S/zThTaHjjf6LqLsD1w="
    },
    "minimist": {
      "version": "https://registry.npmjs.org/minimist/-/minimist-1.2.0.tgz",
      "integrity": "sha1-o1AIsg9BOD7sH7kU9M1d95omQoQ="
    },
    "mkdirp": {
      "version": "https://registry.npmjs.org/mkdirp/-/mkdirp-0.5.1.tgz",
      "integrity": "sha1-MAV0OOrGz3+MR2fzhkjWaX11yQM=",
      "requires": {
        "minimist": "https://registry.npmjs.org/minimist/-/minimist-0.0.8.tgz"
      },
      "dependencies": {
        "minimist": {
          "version": "https://registry.npmjs.org/minimist/-/minimist-0.0.8.tgz",
          "integrity": "sha1-hX/Kv8M5fSYluCKCYuhqp6ARsF0="
        }
      }
    },
    "moment": {
      "version": "https://registry.npmjs.org/moment/-/moment-2.19.1.tgz",
      "integrity": "sha1-VtoaLRy/AdOLfhr8McELz6GSkWc="
    },
    "ng-semantic": {
      "version": "https://registry.npmjs.org/ng-semantic/-/ng-semantic-1.1.13.tgz",
      "integrity": "sha1-SoJWCldQ+xIRyxJoPtrNfOVpCoU="
    },
    "parse5": {
      "version": "https://registry.npmjs.org/parse5/-/parse5-3.0.2.tgz",
      "integrity": "sha1-Be/1fw70V3+xRKefi5qWemzERRA=",
      "requires": {
        "@types/node": "https://registry.npmjs.org/@types/node/-/node-6.0.89.tgz"
      }
    },
    "reflect-metadata": {
      "version": "https://registry.npmjs.org/reflect-metadata/-/reflect-metadata-0.1.9.tgz",
      "integrity": "sha1-mHI43IelFolf5FfxMENf+9djpNQ="
    },
    "regenerator-runtime": {
      "version": "https://registry.npmjs.org/regenerator-runtime/-/regenerator-runtime-0.11.0.tgz",
      "integrity": "sha1-flT+W1zNXWYk6mJVw0c74JC4AuE="
    },
    "rxjs": {
      "version": "https://registry.npmjs.org/rxjs/-/rxjs-5.0.2.tgz",
      "integrity": "sha1-zGUTdW2qk8q0CFwbWhmj4o+2xr8=",
      "requires": {
        "symbol-observable": "https://registry.npmjs.org/symbol-observable/-/symbol-observable-1.0.4.tgz"
      }
    },
    "source-map": {
      "version": "https://registry.npmjs.org/source-map/-/source-map-0.5.7.tgz",
      "integrity": "sha1-igOdLRAh0i0eoUyA2OpGi6LvP8w="
    },
    "source-map-support": {
      "version": "https://registry.npmjs.org/source-map-support/-/source-map-support-0.4.18.tgz",
      "integrity": "sha1-Aoam3ovkJkEzhZTpfM6nXwosWF8=",
      "requires": {
        "source-map": "https://registry.npmjs.org/source-map/-/source-map-0.5.7.tgz"
      }
    },
    "symbol-observable": {
      "version": "https://registry.npmjs.org/symbol-observable/-/symbol-observable-1.0.4.tgz",
      "integrity": "sha1-Kb9hXUqnEhvdiYsi1LP5vE4qoD0="
    },
    "tsickle": {
      "version": "https://registry.npmjs.org/tsickle/-/tsickle-0.21.6.tgz",
      "integrity": "sha1-U7Abl5xcE/2xOvs/uVgXflmRWI0=",
      "requires": {
        "minimist": "https://registry.npmjs.org/minimist/-/minimist-1.2.0.tgz",
        "mkdirp": "https://registry.npmjs.org/mkdirp/-/mkdirp-0.5.1.tgz",
        "source-map": "https://registry.npmjs.org/source-map/-/source-map-0.5.7.tgz",
        "source-map-support": "https://registry.npmjs.org/source-map-support/-/source-map-support-0.4.18.tgz"
      }
    },
    "tslib": {
      "version": "https://registry.npmjs.org/tslib/-/tslib-1.7.1.tgz",
      "integrity": "sha1-vIAEFkaRkjp5/oN4u+s9ogF1OOw="
    },
    "type-detect": {
      "version": "https://registry.npmjs.org/type-detect/-/type-detect-1.0.0.tgz",
      "integrity": "sha1-diIXzAbbJY7EiQihKY6LlRIejqI=",
      "dev": true
    },
    "typescript": {
      "version": "https://registry.npmjs.org/typescript/-/typescript-2.5.3.tgz",
      "integrity": "sha1-3z3Nw48764ANS8MiZGsEo/bKfw0="
    },
    "underscore": {
      "version": "https://registry.npmjs.org/underscore/-/underscore-1.8.3.tgz",
      "integrity": "sha1-Tz+1OxBuYJf8+ctBCfKl6b36UCI="
    },
    "xhr2": {
      "version": "https://registry.npmjs.org/xhr2/-/xhr2-0.1.4.tgz",
      "integrity": "sha1-f4dliEdxbbUCYyOBL4GMras4el8="
    },
    "zone.js": {
      "version": "https://registry.npmjs.org/zone.js/-/zone.js-0.7.4.tgz",
      "integrity": "sha1-DmJP5bckRQ7kM0ld7/FcArOQjuA="
    }
  }
}
